
Microsoft Visual Studio Solution File, Format Version 12.00
# Visual Studio 15
VisualStudioVersion = 15.0.25807.0
MinimumVisualStudioVersion = 10.0.40219.1
Project("{2150E333-8FDC-42A3-9474-1A3956D46DE8}") = "Engine", "Engine", "{09781939-64DE-4F9F-8E4C-FCC7C6BBE1F5}"
EndProject
Project("{2150E333-8FDC-42A3-9474-1A3956D46DE8}") = "Games", "Games", "{A5D3ACE5-0E0D-4223-B024-4CA8A9F8DE99}"
EndProject
Project("{8BC9CEB8-8B4A-11D0-8D11-00A0C91BC942}") = "UE4", "Intermediate\ProjectFiles\UE4.vcxproj", "{5492809B-7F01-4E4B-8827-F9F9132D4556}"
EndProject
Project("{8BC9CEB8-8B4A-11D0-8D11-00A0C91BC942}") = "jam", "Intermediate\ProjectFiles\jam.vcxproj", "{3ED1162F-18ED-4A49-8D45-8E215488920F}"
EndProject
Global
	GlobalSection(SolutionConfigurationPlatforms) = preSolution
		DebugGame Editor|Android = DebugGame Editor|Android
		DebugGame Editor|HTML5 = DebugGame Editor|HTML5
		DebugGame Editor|IOS = DebugGame Editor|IOS
		DebugGame Editor|Win32 = DebugGame Editor|Win32
		DebugGame Editor|Win64 = DebugGame Editor|Win64
		DebugGame|Android = DebugGame|Android
		DebugGame|HTML5 = DebugGame|HTML5
		DebugGame|IOS = DebugGame|IOS
		DebugGame|Win32 = DebugGame|Win32
		DebugGame|Win64 = DebugGame|Win64
		Development Editor|Android = Development Editor|Android
		Development Editor|HTML5 = Development Editor|HTML5
		Development Editor|IOS = Development Editor|IOS
		Development Editor|Win32 = Development Editor|Win32
		Development Editor|Win64 = Development Editor|Win64
		Development|Android = Development|Android
		Development|HTML5 = Development|HTML5
		Development|IOS = Development|IOS
		Development|Win32 = Development|Win32
		Development|Win64 = Development|Win64
		Shipping|Android = Shipping|Android
		Shipping|HTML5 = Shipping|HTML5
		Shipping|IOS = Shipping|IOS
		Shipping|Win32 = Shipping|Win32
		Shipping|Win64 = Shipping|Win64
	EndGlobalSection
	GlobalSection(ProjectConfigurationPlatforms) = postSolution
		{5492809B-7F01-4E4B-8827-F9F9132D4556}.DebugGame Editor|Android.ActiveCfg = BuiltWithUnrealBuildTool|Win32
		{5492809B-7F01-4E4B-8827-F9F9132D4556}.DebugGame Editor|Android.Build.0 = BuiltWithUnrealBuildTool|Win32
		{5492809B-7F01-4E4B-8827-F9F9132D4556}.DebugGame Editor|HTML5.ActiveCfg = BuiltWithUnrealBuildTool|Win32
		{5492809B-7F01-4E4B-8827-F9F9132D4556}.DebugGame Editor|HTML5.Build.0 = BuiltWithUnrealBuildTool|Win32
		{5492809B-7F01-4E4B-8827-F9F9132D4556}.DebugGame Editor|IOS.ActiveCfg = BuiltWithUnrealBuildTool|Win32
		{5492809B-7F01-4E4B-8827-F9F9132D4556}.DebugGame Editor|IOS.Build.0 = BuiltWithUnrealBuildTool|Win32
		{5492809B-7F01-4E4B-8827-F9F9132D4556}.DebugGame Editor|Win32.ActiveCfg = BuiltWithUnrealBuildTool|Win32
		{5492809B-7F01-4E4B-8827-F9F9132D4556}.DebugGame Editor|Win32.Build.0 = BuiltWithUnrealBuildTool|Win32
		{5492809B-7F01-4E4B-8827-F9F9132D4556}.DebugGame Editor|Win64.ActiveCfg = BuiltWithUnrealBuildTool|Win32
		{5492809B-7F01-4E4B-8827-F9F9132D4556}.DebugGame Editor|Win64.Build.0 = BuiltWithUnrealBuildTool|Win32
		{5492809B-7F01-4E4B-8827-F9F9132D4556}.DebugGame|Android.ActiveCfg = BuiltWithUnrealBuildTool|Win32
		{5492809B-7F01-4E4B-8827-F9F9132D4556}.DebugGame|Android.Build.0 = BuiltWithUnrealBuildTool|Win32
		{5492809B-7F01-4E4B-8827-F9F9132D4556}.DebugGame|HTML5.ActiveCfg = BuiltWithUnrealBuildTool|Win32
		{5492809B-7F01-4E4B-8827-F9F9132D4556}.DebugGame|HTML5.Build.0 = BuiltWithUnrealBuildTool|Win32
		{5492809B-7F01-4E4B-8827-F9F9132D4556}.DebugGame|IOS.ActiveCfg = BuiltWithUnrealBuildTool|Win32
		{5492809B-7F01-4E4B-8827-F9F9132D4556}.DebugGame|IOS.Build.0 = BuiltWithUnrealBuildTool|Win32
		{5492809B-7F01-4E4B-8827-F9F9132D4556}.DebugGame|Win32.ActiveCfg = BuiltWithUnrealBuildTool|Win32
		{5492809B-7F01-4E4B-8827-F9F9132D4556}.DebugGame|Win32.Build.0 = BuiltWithUnrealBuildTool|Win32
		{5492809B-7F01-4E4B-8827-F9F9132D4556}.DebugGame|Win64.ActiveCfg = BuiltWithUnrealBuildTool|Win32
		{5492809B-7F01-4E4B-8827-F9F9132D4556}.DebugGame|Win64.Build.0 = BuiltWithUnrealBuildTool|Win32
		{5492809B-7F01-4E4B-8827-F9F9132D4556}.Development Editor|Android.ActiveCfg = BuiltWithUnrealBuildTool|Win32
		{5492809B-7F01-4E4B-8827-F9F9132D4556}.Development Editor|Android.Build.0 = BuiltWithUnrealBuildTool|Win32
		{5492809B-7F01-4E4B-8827-F9F9132D4556}.Development Editor|HTML5.ActiveCfg = BuiltWithUnrealBuildTool|Win32
		{5492809B-7F01-4E4B-8827-F9F9132D4556}.Development Editor|HTML5.Build.0 = BuiltWithUnrealBuildTool|Win32
		{5492809B-7F01-4E4B-8827-F9F9132D4556}.Development Editor|IOS.ActiveCfg = BuiltWithUnrealBuildTool|Win32
		{5492809B-7F01-4E4B-8827-F9F9132D4556}.Development Editor|IOS.Build.0 = BuiltWithUnrealBuildTool|Win32
		{5492809B-7F01-4E4B-8827-F9F9132D4556}.Development Editor|Win32.ActiveCfg = BuiltWithUnrealBuildTool|Win32
		{5492809B-7F01-4E4B-8827-F9F9132D4556}.Development Editor|Win32.Build.0 = BuiltWithUnrealBuildTool|Win32
		{5492809B-7F01-4E4B-8827-F9F9132D4556}.Development Editor|Win64.ActiveCfg = BuiltWithUnrealBuildTool|Win32
		{5492809B-7F01-4E4B-8827-F9F9132D4556}.Development Editor|Win64.Build.0 = BuiltWithUnrealBuildTool|Win32
		{5492809B-7F01-4E4B-8827-F9F9132D4556}.Development|Android.ActiveCfg = BuiltWithUnrealBuildTool|Win32
		{5492809B-7F01-4E4B-8827-F9F9132D4556}.Development|Android.Build.0 = BuiltWithUnrealBuildTool|Win32
		{5492809B-7F01-4E4B-8827-F9F9132D4556}.Development|HTML5.ActiveCfg = BuiltWithUnrealBuildTool|Win32
		{5492809B-7F01-4E4B-8827-F9F9132D4556}.Development|HTML5.Build.0 = BuiltWithUnrealBuildTool|Win32
		{5492809B-7F01-4E4B-8827-F9F9132D4556}.Development|IOS.ActiveCfg = BuiltWithUnrealBuildTool|Win32
		{5492809B-7F01-4E4B-8827-F9F9132D4556}.Development|IOS.Build.0 = BuiltWithUnrealBuildTool|Win32
		{5492809B-7F01-4E4B-8827-F9F9132D4556}.Development|Win32.ActiveCfg = BuiltWithUnrealBuildTool|Win32
		{5492809B-7F01-4E4B-8827-F9F9132D4556}.Development|Win32.Build.0 = BuiltWithUnrealBuildTool|Win32
		{5492809B-7F01-4E4B-8827-F9F9132D4556}.Development|Win64.ActiveCfg = BuiltWithUnrealBuildTool|Win32
		{5492809B-7F01-4E4B-8827-F9F9132D4556}.Development|Win64.Build.0 = BuiltWithUnrealBuildTool|Win32
		{5492809B-7F01-4E4B-8827-F9F9132D4556}.Shipping|Android.ActiveCfg = BuiltWithUnrealBuildTool|Win32
		{5492809B-7F01-4E4B-8827-F9F9132D4556}.Shipping|Android.Build.0 = BuiltWithUnrealBuildTool|Win32
		{5492809B-7F01-4E4B-8827-F9F9132D4556}.Shipping|HTML5.ActiveCfg = BuiltWithUnrealBuildTool|Win32
		{5492809B-7F01-4E4B-8827-F9F9132D4556}.Shipping|HTML5.Build.0 = BuiltWithUnrealBuildTool|Win32
		{5492809B-7F01-4E4B-8827-F9F9132D4556}.Shipping|IOS.ActiveCfg = BuiltWithUnrealBuildTool|Win32
		{5492809B-7F01-4E4B-8827-F9F9132D4556}.Shipping|IOS.Build.0 = BuiltWithUnrealBuildTool|Win32
		{5492809B-7F01-4E4B-8827-F9F9132D4556}.Shipping|Win32.ActiveCfg = BuiltWithUnrealBuildTool|Win32
		{5492809B-7F01-4E4B-8827-F9F9132D4556}.Shipping|Win32.Build.0 = BuiltWithUnrealBuildTool|Win32
		{5492809B-7F01-4E4B-8827-F9F9132D4556}.Shipping|Win64.ActiveCfg = BuiltWithUnrealBuildTool|Win32
		{5492809B-7F01-4E4B-8827-F9F9132D4556}.Shipping|Win64.Build.0 = BuiltWithUnrealBuildTool|Win32
		{3ED1162F-18ED-4A49-8D45-8E215488920F}.DebugGame Editor|Android.ActiveCfg = Android_DebugGame_Editor|Win32
		{3ED1162F-18ED-4A49-8D45-8E215488920F}.DebugGame Editor|HTML5.ActiveCfg = HTML5_DebugGame_Editor|Win32
		{3ED1162F-18ED-4A49-8D45-8E215488920F}.DebugGame Editor|IOS.ActiveCfg = IOS_DebugGame_Editor|Win32
		{3ED1162F-18ED-4A49-8D45-8E215488920F}.DebugGame Editor|Win32.ActiveCfg = DebugGame_Editor|Win32
		{3ED1162F-18ED-4A49-8D45-8E215488920F}.DebugGame Editor|Win64.ActiveCfg = DebugGame_Editor|x64
		{3ED1162F-18ED-4A49-8D45-8E215488920F}.DebugGame Editor|Win64.Build.0 = DebugGame_Editor|x64
		{3ED1162F-18ED-4A49-8D45-8E215488920F}.DebugGame|Android.ActiveCfg = Android_DebugGame_Game|Win32
		{3ED1162F-18ED-4A49-8D45-8E215488920F}.DebugGame|Android.Build.0 = Android_DebugGame_Game|Win32
		{3ED1162F-18ED-4A49-8D45-8E215488920F}.DebugGame|HTML5.ActiveCfg = HTML5_DebugGame_Game|Win32
		{3ED1162F-18ED-4A49-8D45-8E215488920F}.DebugGame|HTML5.Build.0 = HTML5_DebugGame_Game|Win32
		{3ED1162F-18ED-4A49-8D45-8E215488920F}.DebugGame|IOS.ActiveCfg = IOS_DebugGame_Game|Win32
		{3ED1162F-18ED-4A49-8D45-8E215488920F}.DebugGame|IOS.Build.0 = IOS_DebugGame_Game|Win32
		{3ED1162F-18ED-4A49-8D45-8E215488920F}.DebugGame|Win32.ActiveCfg = DebugGame_Game|Win32
		{3ED1162F-18ED-4A49-8D45-8E215488920F}.DebugGame|Win32.Build.0 = DebugGame_Game|Win32
		{3ED1162F-18ED-4A49-8D45-8E215488920F}.DebugGame|Win64.ActiveCfg = DebugGame_Game|x64
		{3ED1162F-18ED-4A49-8D45-8E215488920F}.DebugGame|Win64.Build.0 = DebugGame_Game|x64
		{3ED1162F-18ED-4A49-8D45-8E215488920F}.Development Editor|Android.ActiveCfg = Android_Development_Editor|Win32
		{3ED1162F-18ED-4A49-8D45-8E215488920F}.Development Editor|HTML5.ActiveCfg = HTML5_Development_Editor|Win32
		{3ED1162F-18ED-4A49-8D45-8E215488920F}.Development Editor|IOS.ActiveCfg = IOS_Development_Editor|Win32
		{3ED1162F-18ED-4A49-8D45-8E215488920F}.Development Editor|Win32.ActiveCfg = Development_Editor|Win32
		{3ED1162F-18ED-4A49-8D45-8E215488920F}.Development Editor|Win64.ActiveCfg = Development_Editor|x64
		{3ED1162F-18ED-4A49-8D45-8E215488920F}.Development Editor|Win64.Build.0 = Development_Editor|x64
		{3ED1162F-18ED-4A49-8D45-8E215488920F}.Development|Android.ActiveCfg = Android_Development_Game|Win32
		{3ED1162F-18ED-4A49-8D45-8E215488920F}.Development|Android.Build.0 = Android_Development_Game|Win32
		{3ED1162F-18ED-4A49-8D45-8E215488920F}.Development|HTML5.ActiveCfg = HTML5_Development_Game|Win32
		{3ED1162F-18ED-4A49-8D45-8E215488920F}.Development|HTML5.Build.0 = HTML5_Development_Game|Win32
		{3ED1162F-18ED-4A49-8D45-8E215488920F}.Development|IOS.ActiveCfg = IOS_Development_Game|Win32
		{3ED1162F-18ED-4A49-8D45-8E215488920F}.Development|IOS.Build.0 = IOS_Development_Game|Win32
		{3ED1162F-18ED-4A49-8D45-8E215488920F}.Development|Win32.ActiveCfg = Development_Game|Win32
		{3ED1162F-18ED-4A49-8D45-8E215488920F}.Development|Win32.Build.0 = Development_Game|Win32
		{3ED1162F-18ED-4A49-8D45-8E215488920F}.Development|Win64.ActiveCfg = Development_Game|x64
		{3ED1162F-18ED-4A49-8D45-8E215488920F}.Development|Win64.Build.0 = Development_Game|x64
		{3ED1162F-18ED-4A49-8D45-8E215488920F}.Shipping|Android.ActiveCfg = Android_Shipping_Game|Win32
		{3ED1162F-18ED-4A49-8D45-8E215488920F}.Shipping|Android.Build.0 = Android_Shipping_Game|Win32
		{3ED1162F-18ED-4A49-8D45-8E215488920F}.Shipping|HTML5.ActiveCfg = HTML5_Shipping_Game|Win32
		{3ED1162F-18ED-4A49-8D45-8E215488920F}.Shipping|HTML5.Build.0 = HTML5_Shipping_Game|Win32
		{3ED1162F-18ED-4A49-8D45-8E215488920F}.Shipping|IOS.ActiveCfg = IOS_Shipping_Game|Win32
		{3ED1162F-18ED-4A49-8D45-8E215488920F}.Shipping|IOS.Build.0 = IOS_Shipping_Game|Win32
		{3ED1162F-18ED-4A49-8D45-8E215488920F}.Shipping|Win32.ActiveCfg = Shipping_Game|Win32
		{3ED1162F-18ED-4A49-8D45-8E215488920F}.Shipping|Win32.Build.0 = Shipping_Game|Win32
		{3ED1162F-18ED-4A49-8D45-8E215488920F}.Shipping|Win64.ActiveCfg = Shipping_Game|x64
		{3ED1162F-18ED-4A49-8D45-8E215488920F}.Shipping|Win64.Build.0 = Shipping_Game|x64
	EndGlobalSection
	GlobalSection(SolutionProperties) = preSolution
		HideSolutionNode = FALSE
	EndGlobalSection
	GlobalSection(NestedProjects) = preSolution
		{5492809B-7F01-4E4B-8827-F9F9132D4556} = {09781939-64DE-4F9F-8E4C-FCC7C6BBE1F5}
		{3ED1162F-18ED-4A49-8D45-8E215488920F} = {A5D3ACE5-0E0D-4223-B024-4CA8A9F8DE99}
	EndGlobalSection
	GlobalSection(ExtensibilityGlobals) = postSolution
		SolutionGuid = {926590B2-C030-40E7-A1A6-C3662A89952D}
	EndGlobalSection
EndGlobal
