
Microsoft Visual Studio Solution File, Format Version 12.00
# Visual Studio 15
VisualStudioVersion = 15.0.25807.0
MinimumVisualStudioVersion = 10.0.40219.1
Project("{2150E333-8FDC-42A3-9474-1A3956D46DE8}") = "Engine", "Engine", "{65E3E621-44F9-4103-98F7-FDE371B44EA6}"
EndProject
Project("{2150E333-8FDC-42A3-9474-1A3956D46DE8}") = "Games", "Games", "{3104377D-678C-4827-A925-A82BC6C43721}"
EndProject
Project("{8BC9CEB8-8B4A-11D0-8D11-00A0C91BC942}") = "UE4", "Intermediate\ProjectFiles\UE4.vcxproj", "{78CEEC85-B705-4B9A-80AE-94ACDD52A865}"
EndProject
Project("{8BC9CEB8-8B4A-11D0-8D11-00A0C91BC942}") = "jam", "Intermediate\ProjectFiles\jam.vcxproj", "{381837EA-FD85-4AC9-8B94-C997D0DD257C}"
EndProject
Global
	GlobalSection(SolutionConfigurationPlatforms) = preSolution
		DebugGame Editor|Android = DebugGame Editor|Android
		DebugGame Editor|HTML5 = DebugGame Editor|HTML5
		DebugGame Editor|IOS = DebugGame Editor|IOS
		DebugGame Editor|Win32 = DebugGame Editor|Win32
		DebugGame Editor|Win64 = DebugGame Editor|Win64
		DebugGame|Android = DebugGame|Android
		DebugGame|HTML5 = DebugGame|HTML5
		DebugGame|IOS = DebugGame|IOS
		DebugGame|Win32 = DebugGame|Win32
		DebugGame|Win64 = DebugGame|Win64
		Development Editor|Android = Development Editor|Android
		Development Editor|HTML5 = Development Editor|HTML5
		Development Editor|IOS = Development Editor|IOS
		Development Editor|Win32 = Development Editor|Win32
		Development Editor|Win64 = Development Editor|Win64
		Development|Android = Development|Android
		Development|HTML5 = Development|HTML5
		Development|IOS = Development|IOS
		Development|Win32 = Development|Win32
		Development|Win64 = Development|Win64
		Shipping|Android = Shipping|Android
		Shipping|HTML5 = Shipping|HTML5
		Shipping|IOS = Shipping|IOS
		Shipping|Win32 = Shipping|Win32
		Shipping|Win64 = Shipping|Win64
	EndGlobalSection
	GlobalSection(ProjectConfigurationPlatforms) = postSolution
		{381837EA-FD85-4AC9-8B94-C997D0DD257C}.DebugGame Editor|Android.ActiveCfg = Android_DebugGame_Editor|Win32
		{381837EA-FD85-4AC9-8B94-C997D0DD257C}.DebugGame Editor|HTML5.ActiveCfg = HTML5_DebugGame_Editor|Win32
		{381837EA-FD85-4AC9-8B94-C997D0DD257C}.DebugGame Editor|IOS.ActiveCfg = IOS_DebugGame_Editor|Win32
		{381837EA-FD85-4AC9-8B94-C997D0DD257C}.DebugGame Editor|Win32.ActiveCfg = DebugGame_Editor|Win32
		{381837EA-FD85-4AC9-8B94-C997D0DD257C}.DebugGame Editor|Win64.ActiveCfg = DebugGame_Editor|x64
		{381837EA-FD85-4AC9-8B94-C997D0DD257C}.DebugGame Editor|Win64.Build.0 = DebugGame_Editor|x64
		{381837EA-FD85-4AC9-8B94-C997D0DD257C}.DebugGame|Android.ActiveCfg = Android_DebugGame_Game|Win32
		{381837EA-FD85-4AC9-8B94-C997D0DD257C}.DebugGame|Android.Build.0 = Android_DebugGame_Game|Win32
		{381837EA-FD85-4AC9-8B94-C997D0DD257C}.DebugGame|HTML5.ActiveCfg = HTML5_DebugGame_Game|Win32
		{381837EA-FD85-4AC9-8B94-C997D0DD257C}.DebugGame|HTML5.Build.0 = HTML5_DebugGame_Game|Win32
		{381837EA-FD85-4AC9-8B94-C997D0DD257C}.DebugGame|IOS.ActiveCfg = IOS_DebugGame_Game|Win32
		{381837EA-FD85-4AC9-8B94-C997D0DD257C}.DebugGame|IOS.Build.0 = IOS_DebugGame_Game|Win32
		{381837EA-FD85-4AC9-8B94-C997D0DD257C}.DebugGame|Win32.ActiveCfg = DebugGame_Game|Win32
		{381837EA-FD85-4AC9-8B94-C997D0DD257C}.DebugGame|Win32.Build.0 = DebugGame_Game|Win32
		{381837EA-FD85-4AC9-8B94-C997D0DD257C}.DebugGame|Win64.ActiveCfg = DebugGame_Game|x64
		{381837EA-FD85-4AC9-8B94-C997D0DD257C}.DebugGame|Win64.Build.0 = DebugGame_Game|x64
		{381837EA-FD85-4AC9-8B94-C997D0DD257C}.Development Editor|Android.ActiveCfg = Android_Development_Editor|Win32
		{381837EA-FD85-4AC9-8B94-C997D0DD257C}.Development Editor|HTML5.ActiveCfg = HTML5_Development_Editor|Win32
		{381837EA-FD85-4AC9-8B94-C997D0DD257C}.Development Editor|IOS.ActiveCfg = IOS_Development_Editor|Win32
		{381837EA-FD85-4AC9-8B94-C997D0DD257C}.Development Editor|Win32.ActiveCfg = Development_Editor|Win32
		{381837EA-FD85-4AC9-8B94-C997D0DD257C}.Development Editor|Win64.ActiveCfg = Development_Editor|x64
		{381837EA-FD85-4AC9-8B94-C997D0DD257C}.Development Editor|Win64.Build.0 = Development_Editor|x64
		{381837EA-FD85-4AC9-8B94-C997D0DD257C}.Development|Android.ActiveCfg = Android_Development_Game|Win32
		{381837EA-FD85-4AC9-8B94-C997D0DD257C}.Development|Android.Build.0 = Android_Development_Game|Win32
		{381837EA-FD85-4AC9-8B94-C997D0DD257C}.Development|HTML5.ActiveCfg = HTML5_Development_Game|Win32
		{381837EA-FD85-4AC9-8B94-C997D0DD257C}.Development|HTML5.Build.0 = HTML5_Development_Game|Win32
		{381837EA-FD85-4AC9-8B94-C997D0DD257C}.Development|IOS.ActiveCfg = IOS_Development_Game|Win32
		{381837EA-FD85-4AC9-8B94-C997D0DD257C}.Development|IOS.Build.0 = IOS_Development_Game|Win32
		{381837EA-FD85-4AC9-8B94-C997D0DD257C}.Development|Win32.ActiveCfg = Development_Game|Win32
		{381837EA-FD85-4AC9-8B94-C997D0DD257C}.Development|Win32.Build.0 = Development_Game|Win32
		{381837EA-FD85-4AC9-8B94-C997D0DD257C}.Development|Win64.ActiveCfg = Development_Game|x64
		{381837EA-FD85-4AC9-8B94-C997D0DD257C}.Development|Win64.Build.0 = Development_Game|x64
		{381837EA-FD85-4AC9-8B94-C997D0DD257C}.Shipping|Android.ActiveCfg = Android_Shipping_Game|Win32
		{381837EA-FD85-4AC9-8B94-C997D0DD257C}.Shipping|Android.Build.0 = Android_Shipping_Game|Win32
		{381837EA-FD85-4AC9-8B94-C997D0DD257C}.Shipping|HTML5.ActiveCfg = HTML5_Shipping_Game|Win32
		{381837EA-FD85-4AC9-8B94-C997D0DD257C}.Shipping|HTML5.Build.0 = HTML5_Shipping_Game|Win32
		{381837EA-FD85-4AC9-8B94-C997D0DD257C}.Shipping|IOS.ActiveCfg = IOS_Shipping_Game|Win32
		{381837EA-FD85-4AC9-8B94-C997D0DD257C}.Shipping|IOS.Build.0 = IOS_Shipping_Game|Win32
		{381837EA-FD85-4AC9-8B94-C997D0DD257C}.Shipping|Win32.ActiveCfg = Shipping_Game|Win32
		{381837EA-FD85-4AC9-8B94-C997D0DD257C}.Shipping|Win32.Build.0 = Shipping_Game|Win32
		{381837EA-FD85-4AC9-8B94-C997D0DD257C}.Shipping|Win64.ActiveCfg = Shipping_Game|x64
		{381837EA-FD85-4AC9-8B94-C997D0DD257C}.Shipping|Win64.Build.0 = Shipping_Game|x64
	EndGlobalSection
	GlobalSection(SolutionProperties) = preSolution
		HideSolutionNode = FALSE
	EndGlobalSection
	GlobalSection(NestedProjects) = preSolution
		{78CEEC85-B705-4B9A-80AE-94ACDD52A865} = {65E3E621-44F9-4103-98F7-FDE371B44EA6}
		{381837EA-FD85-4AC9-8B94-C997D0DD257C} = {3104377D-678C-4827-A925-A82BC6C43721}
	EndGlobalSection
EndGlobal
